
Microsoft Visual Studio Solution File, Format Version 12.00
Project("{FAE04EC0-301F-11D3-BF4B-00C04F79EFBC}") = "TreacherousWhales", "TreacherousWhales\TreacherousWhales.csproj", "{5A45FEE8-F19E-4470-91C4-8EA5BBCECC77}"
EndProject
Global
	GlobalSection(SolutionConfigurationPlatforms) = preSolution
		Debug|Any CPU = Debug|Any CPU
		Release|Any CPU = Release|Any CPU
	EndGlobalSection
	GlobalSection(ProjectConfigurationPlatforms) = postSolution
		{5A45FEE8-F19E-4470-91C4-8EA5BBCECC77}.Debug|Any CPU.ActiveCfg = Debug|Any CPU
		{5A45FEE8-F19E-4470-91C4-8EA5BBCECC77}.Debug|Any CPU.Build.0 = Debug|Any CPU
		{5A45FEE8-F19E-4470-91C4-8EA5BBCECC77}.Release|Any CPU.ActiveCfg = Release|Any CPU
		{5A45FEE8-F19E-4470-91C4-8EA5BBCECC77}.Release|Any CPU.Build.0 = Release|Any CPU
	EndGlobalSection
EndGlobal
